
Microsoft Visual Studio Solution File, Format Version 12.00
# Visual Studio Version 16
VisualStudioVersion = 16.0.34729.46
MinimumVisualStudioVersion = 10.0.40219.1
Project("{8BC9CEB8-8B4A-11D0-8D11-00A0C91BC942}") = "libssh2", "libssh2.vcxproj", "{9E8608A8-D226-4BB8-99FA-763E850D8B89}"
EndProject
Project("{8BC9CEB8-8B4A-11D0-8D11-00A0C91BC942}") = "tests", "tests.vcxproj", "{3382A9F9-76FA-4E9E-8A16-226567EF1CCE}"
EndProject
Global
	GlobalSection(SolutionConfigurationPlatforms) = preSolution
		Debug|x64 = Debug|x64
		Debug|x86 = Debug|x86
		OpenSSL DLL Debug|x64 = OpenSSL DLL Debug|x64
		OpenSSL DLL Debug|x86 = OpenSSL DLL Debug|x86
		OpenSSL DLL Release|x64 = OpenSSL DLL Release|x64
		OpenSSL DLL Release|x86 = OpenSSL DLL Release|x86
		OpenSSL LIB Debug|x64 = OpenSSL LIB Debug|x64
		OpenSSL LIB Debug|x86 = OpenSSL LIB Debug|x86
		OpenSSL LIB Release|x64 = OpenSSL LIB Release|x64
		OpenSSL LIB Release|x86 = OpenSSL LIB Release|x86
		Release|x64 = Release|x64
		Release|x86 = Release|x86
		Template|x64 = Template|x64
		Template|x86 = Template|x86
		WinCNG DLL Debug|x64 = WinCNG DLL Debug|x64
		WinCNG DLL Debug|x86 = WinCNG DLL Debug|x86
		WinCNG DLL Release|x64 = WinCNG DLL Release|x64
		WinCNG DLL Release|x86 = WinCNG DLL Release|x86
		WinCNG LIB Debug|x64 = WinCNG LIB Debug|x64
		WinCNG LIB Debug|x86 = WinCNG LIB Debug|x86
		WinCNG LIB Release|x64 = WinCNG LIB Release|x64
		WinCNG LIB Release|x86 = WinCNG LIB Release|x86
	EndGlobalSection
	GlobalSection(ProjectConfigurationPlatforms) = postSolution
		{9E8608A8-D226-4BB8-99FA-763E850D8B89}.Debug|x64.ActiveCfg = OpenSSL LIB Release|x64
		{9E8608A8-D226-4BB8-99FA-763E850D8B89}.Debug|x64.Build.0 = OpenSSL LIB Release|x64
		{9E8608A8-D226-4BB8-99FA-763E850D8B89}.Debug|x86.ActiveCfg = WinCNG DLL Debug|Win32
		{9E8608A8-D226-4BB8-99FA-763E850D8B89}.Debug|x86.Build.0 = WinCNG DLL Debug|Win32
		{9E8608A8-D226-4BB8-99FA-763E850D8B89}.OpenSSL DLL Debug|x64.ActiveCfg = OpenSSL DLL Debug|x64
		{9E8608A8-D226-4BB8-99FA-763E850D8B89}.OpenSSL DLL Debug|x64.Build.0 = OpenSSL DLL Debug|x64
		{9E8608A8-D226-4BB8-99FA-763E850D8B89}.OpenSSL DLL Debug|x86.ActiveCfg = OpenSSL DLL Debug|Win32
		{9E8608A8-D226-4BB8-99FA-763E850D8B89}.OpenSSL DLL Debug|x86.Build.0 = OpenSSL DLL Debug|Win32
		{9E8608A8-D226-4BB8-99FA-763E850D8B89}.OpenSSL DLL Release|x64.ActiveCfg = OpenSSL DLL Release|x64
		{9E8608A8-D226-4BB8-99FA-763E850D8B89}.OpenSSL DLL Release|x64.Build.0 = OpenSSL DLL Release|x64
		{9E8608A8-D226-4BB8-99FA-763E850D8B89}.OpenSSL DLL Release|x86.ActiveCfg = OpenSSL DLL Release|Win32
		{9E8608A8-D226-4BB8-99FA-763E850D8B89}.OpenSSL DLL Release|x86.Build.0 = OpenSSL DLL Release|Win32
		{9E8608A8-D226-4BB8-99FA-763E850D8B89}.OpenSSL LIB Debug|x64.ActiveCfg = OpenSSL LIB Debug|x64
		{9E8608A8-D226-4BB8-99FA-763E850D8B89}.OpenSSL LIB Debug|x64.Build.0 = OpenSSL LIB Debug|x64
		{9E8608A8-D226-4BB8-99FA-763E850D8B89}.OpenSSL LIB Debug|x86.ActiveCfg = OpenSSL LIB Debug|Win32
		{9E8608A8-D226-4BB8-99FA-763E850D8B89}.OpenSSL LIB Debug|x86.Build.0 = OpenSSL LIB Debug|Win32
		{9E8608A8-D226-4BB8-99FA-763E850D8B89}.OpenSSL LIB Release|x64.ActiveCfg = OpenSSL LIB Release|x64
		{9E8608A8-D226-4BB8-99FA-763E850D8B89}.OpenSSL LIB Release|x64.Build.0 = OpenSSL LIB Release|x64
		{9E8608A8-D226-4BB8-99FA-763E850D8B89}.OpenSSL LIB Release|x86.ActiveCfg = OpenSSL LIB Release|Win32
		{9E8608A8-D226-4BB8-99FA-763E850D8B89}.OpenSSL LIB Release|x86.Build.0 = OpenSSL LIB Release|Win32
		{9E8608A8-D226-4BB8-99FA-763E850D8B89}.Release|x64.ActiveCfg = WinCNG LIB Release|x64
		{9E8608A8-D226-4BB8-99FA-763E850D8B89}.Release|x64.Build.0 = WinCNG LIB Release|x64
		{9E8608A8-D226-4BB8-99FA-763E850D8B89}.Release|x86.ActiveCfg = WinCNG LIB Release|Win32
		{9E8608A8-D226-4BB8-99FA-763E850D8B89}.Release|x86.Build.0 = WinCNG LIB Release|Win32
		{9E8608A8-D226-4BB8-99FA-763E850D8B89}.Template|x64.ActiveCfg = WinCNG LIB Release|x64
		{9E8608A8-D226-4BB8-99FA-763E850D8B89}.Template|x64.Build.0 = WinCNG LIB Release|x64
		{9E8608A8-D226-4BB8-99FA-763E850D8B89}.Template|x86.ActiveCfg = WinCNG LIB Release|Win32
		{9E8608A8-D226-4BB8-99FA-763E850D8B89}.Template|x86.Build.0 = WinCNG LIB Release|Win32
		{9E8608A8-D226-4BB8-99FA-763E850D8B89}.WinCNG DLL Debug|x64.ActiveCfg = WinCNG DLL Debug|x64
		{9E8608A8-D226-4BB8-99FA-763E850D8B89}.WinCNG DLL Debug|x64.Build.0 = WinCNG DLL Debug|x64
		{9E8608A8-D226-4BB8-99FA-763E850D8B89}.WinCNG DLL Debug|x86.ActiveCfg = WinCNG DLL Debug|Win32
		{9E8608A8-D226-4BB8-99FA-763E850D8B89}.WinCNG DLL Debug|x86.Build.0 = WinCNG DLL Debug|Win32
		{9E8608A8-D226-4BB8-99FA-763E850D8B89}.WinCNG DLL Release|x64.ActiveCfg = WinCNG DLL Release|x64
		{9E8608A8-D226-4BB8-99FA-763E850D8B89}.WinCNG DLL Release|x64.Build.0 = WinCNG DLL Release|x64
		{9E8608A8-D226-4BB8-99FA-763E850D8B89}.WinCNG DLL Release|x86.ActiveCfg = WinCNG DLL Release|Win32
		{9E8608A8-D226-4BB8-99FA-763E850D8B89}.WinCNG DLL Release|x86.Build.0 = WinCNG DLL Release|Win32
		{9E8608A8-D226-4BB8-99FA-763E850D8B89}.WinCNG LIB Debug|x64.ActiveCfg = WinCNG LIB Debug|x64
		{9E8608A8-D226-4BB8-99FA-763E850D8B89}.WinCNG LIB Debug|x64.Build.0 = WinCNG LIB Debug|x64
		{9E8608A8-D226-4BB8-99FA-763E850D8B89}.WinCNG LIB Debug|x86.ActiveCfg = WinCNG LIB Debug|Win32
		{9E8608A8-D226-4BB8-99FA-763E850D8B89}.WinCNG LIB Debug|x86.Build.0 = WinCNG LIB Debug|Win32
		{9E8608A8-D226-4BB8-99FA-763E850D8B89}.WinCNG LIB Release|x64.ActiveCfg = WinCNG LIB Release|x64
		{9E8608A8-D226-4BB8-99FA-763E850D8B89}.WinCNG LIB Release|x64.Build.0 = WinCNG LIB Release|x64
		{9E8608A8-D226-4BB8-99FA-763E850D8B89}.WinCNG LIB Release|x86.ActiveCfg = WinCNG LIB Release|Win32
		{9E8608A8-D226-4BB8-99FA-763E850D8B89}.WinCNG LIB Release|x86.Build.0 = WinCNG LIB Release|Win32
		{3382A9F9-76FA-4E9E-8A16-226567EF1CCE}.Debug|x64.ActiveCfg = Debug|x64
		{3382A9F9-76FA-4E9E-8A16-226567EF1CCE}.Debug|x64.Build.0 = Debug|x64
		{3382A9F9-76FA-4E9E-8A16-226567EF1CCE}.Debug|x86.ActiveCfg = Debug|Win32
		{3382A9F9-76FA-4E9E-8A16-226567EF1CCE}.Debug|x86.Build.0 = Debug|Win32
		{3382A9F9-76FA-4E9E-8A16-226567EF1CCE}.OpenSSL DLL Debug|x64.ActiveCfg = Debug|x64
		{3382A9F9-76FA-4E9E-8A16-226567EF1CCE}.OpenSSL DLL Debug|x64.Build.0 = Debug|x64
		{3382A9F9-76FA-4E9E-8A16-226567EF1CCE}.OpenSSL DLL Debug|x86.ActiveCfg = Debug|Win32
		{3382A9F9-76FA-4E9E-8A16-226567EF1CCE}.OpenSSL DLL Debug|x86.Build.0 = Debug|Win32
		{3382A9F9-76FA-4E9E-8A16-226567EF1CCE}.OpenSSL DLL Release|x64.ActiveCfg = Release|x64
		{3382A9F9-76FA-4E9E-8A16-226567EF1CCE}.OpenSSL DLL Release|x64.Build.0 = Release|x64
		{3382A9F9-76FA-4E9E-8A16-226567EF1CCE}.OpenSSL DLL Release|x86.ActiveCfg = Release|Win32
		{3382A9F9-76FA-4E9E-8A16-226567EF1CCE}.OpenSSL DLL Release|x86.Build.0 = Release|Win32
		{3382A9F9-76FA-4E9E-8A16-226567EF1CCE}.OpenSSL LIB Debug|x64.ActiveCfg = Debug|x64
		{3382A9F9-76FA-4E9E-8A16-226567EF1CCE}.OpenSSL LIB Debug|x64.Build.0 = Debug|x64
		{3382A9F9-76FA-4E9E-8A16-226567EF1CCE}.OpenSSL LIB Debug|x86.ActiveCfg = Debug|Win32
		{3382A9F9-76FA-4E9E-8A16-226567EF1CCE}.OpenSSL LIB Debug|x86.Build.0 = Debug|Win32
		{3382A9F9-76FA-4E9E-8A16-226567EF1CCE}.OpenSSL LIB Release|x64.ActiveCfg = Release|x64
		{3382A9F9-76FA-4E9E-8A16-226567EF1CCE}.OpenSSL LIB Release|x64.Build.0 = Release|x64
		{3382A9F9-76FA-4E9E-8A16-226567EF1CCE}.OpenSSL LIB Release|x86.ActiveCfg = Release|Win32
		{3382A9F9-76FA-4E9E-8A16-226567EF1CCE}.OpenSSL LIB Release|x86.Build.0 = Release|Win32
		{3382A9F9-76FA-4E9E-8A16-226567EF1CCE}.Release|x64.ActiveCfg = Release|x64
		{3382A9F9-76FA-4E9E-8A16-226567EF1CCE}.Release|x64.Build.0 = Release|x64
		{3382A9F9-76FA-4E9E-8A16-226567EF1CCE}.Release|x86.ActiveCfg = Release|Win32
		{3382A9F9-76FA-4E9E-8A16-226567EF1CCE}.Release|x86.Build.0 = Release|Win32
		{3382A9F9-76FA-4E9E-8A16-226567EF1CCE}.Template|x64.ActiveCfg = Template|x64
		{3382A9F9-76FA-4E9E-8A16-226567EF1CCE}.Template|x64.Build.0 = Template|x64
		{3382A9F9-76FA-4E9E-8A16-226567EF1CCE}.Template|x86.ActiveCfg = Template|Win32
		{3382A9F9-76FA-4E9E-8A16-226567EF1CCE}.Template|x86.Build.0 = Template|Win32
		{3382A9F9-76FA-4E9E-8A16-226567EF1CCE}.WinCNG DLL Debug|x64.ActiveCfg = Debug|x64
		{3382A9F9-76FA-4E9E-8A16-226567EF1CCE}.WinCNG DLL Debug|x64.Build.0 = Debug|x64
		{3382A9F9-76FA-4E9E-8A16-226567EF1CCE}.WinCNG DLL Debug|x86.ActiveCfg = Debug|Win32
		{3382A9F9-76FA-4E9E-8A16-226567EF1CCE}.WinCNG DLL Debug|x86.Build.0 = Debug|Win32
		{3382A9F9-76FA-4E9E-8A16-226567EF1CCE}.WinCNG DLL Release|x64.ActiveCfg = Release|x64
		{3382A9F9-76FA-4E9E-8A16-226567EF1CCE}.WinCNG DLL Release|x64.Build.0 = Release|x64
		{3382A9F9-76FA-4E9E-8A16-226567EF1CCE}.WinCNG DLL Release|x86.ActiveCfg = Release|Win32
		{3382A9F9-76FA-4E9E-8A16-226567EF1CCE}.WinCNG DLL Release|x86.Build.0 = Release|Win32
		{3382A9F9-76FA-4E9E-8A16-226567EF1CCE}.WinCNG LIB Debug|x64.ActiveCfg = Debug|x64
		{3382A9F9-76FA-4E9E-8A16-226567EF1CCE}.WinCNG LIB Debug|x64.Build.0 = Debug|x64
		{3382A9F9-76FA-4E9E-8A16-226567EF1CCE}.WinCNG LIB Debug|x86.ActiveCfg = Debug|Win32
		{3382A9F9-76FA-4E9E-8A16-226567EF1CCE}.WinCNG LIB Debug|x86.Build.0 = Debug|Win32
		{3382A9F9-76FA-4E9E-8A16-226567EF1CCE}.WinCNG LIB Release|x64.ActiveCfg = Release|x64
		{3382A9F9-76FA-4E9E-8A16-226567EF1CCE}.WinCNG LIB Release|x64.Build.0 = Release|x64
		{3382A9F9-76FA-4E9E-8A16-226567EF1CCE}.WinCNG LIB Release|x86.ActiveCfg = Release|Win32
		{3382A9F9-76FA-4E9E-8A16-226567EF1CCE}.WinCNG LIB Release|x86.Build.0 = Release|Win32
	EndGlobalSection
	GlobalSection(SolutionProperties) = preSolution
		HideSolutionNode = FALSE
	EndGlobalSection
	GlobalSection(ExtensibilityGlobals) = postSolution
		SolutionGuid = {211C6A10-7ADD-44E3-882A-F9B99312F2E6}
	EndGlobalSection
EndGlobal
